
Microsoft Visual Studio Solution File, Format Version 9.00
# Visual Studio 2005
Project("{8BC9CEB8-8B4A-11D0-8D11-00A0C91BC942}") = "VSProps", "..\VSProps\VSProps.vcproj", "{186ACA2A-5B1F-4031-BF5A-C4D5F2C6F64C}"
EndProject
Project("{8BC9CEB8-8B4A-11D0-8D11-00A0C91BC942}") = "TMSkelAnim", "TMSkelAnim.vcproj", "{3500DDDC-6B62-4A32-9628-926E7295E5F1}"
EndProject
Global
	GlobalSection(SourceCodeControl) = preSolution
		SccNumberOfProjects = 3
		SccLocalPath0 = .
		CanCheckoutShared = false
		SccProjectUniqueName1 = TMSkelAnim.vcproj
		SccLocalPath1 = .
		CanCheckoutShared = false
		SccProjectUniqueName2 = ..\\VSProps\\VSProps.vcproj
		SccProjectName2 = \u0022$/Projects/Components/VSProps\u0022,\u0020VVMCAAAA
		SccLocalPath2 = ..\\VSProps
		CanCheckoutShared = false
	EndGlobalSection
	GlobalSection(SolutionConfigurationPlatforms) = preSolution
		Debug|Win32 = Debug|Win32
		Release|Win32 = Release|Win32
	EndGlobalSection
	GlobalSection(ProjectConfigurationPlatforms) = postSolution
		{3500DDDC-6B62-4A32-9628-926E7295E5F1}.Debug|Win32.ActiveCfg = DebugEd|Win32
		{3500DDDC-6B62-4A32-9628-926E7295E5F1}.Debug|Win32.Build.0 = DebugEd|Win32
		{3500DDDC-6B62-4A32-9628-926E7295E5F1}.Release|Win32.ActiveCfg = ReleaseEd|Win32
		{3500DDDC-6B62-4A32-9628-926E7295E5F1}.Release|Win32.Build.0 = ReleaseEd|Win32
		{186ACA2A-5B1F-4031-BF5A-C4D5F2C6F64C}.Debug|Win32.ActiveCfg = Debug|Win32
		{186ACA2A-5B1F-4031-BF5A-C4D5F2C6F64C}.Debug|Win32.Build.0 = Debug|Win32
		{186ACA2A-5B1F-4031-BF5A-C4D5F2C6F64C}.Release|Win32.ActiveCfg = Release|Win32
		{186ACA2A-5B1F-4031-BF5A-C4D5F2C6F64C}.Release|Win32.Build.0 = Release|Win32
	EndGlobalSection
	GlobalSection(SolutionProperties) = preSolution
		HideSolutionNode = FALSE
	EndGlobalSection
EndGlobal
